
Microsoft Visual Studio Solution File, Format Version 12.00
# Visual Studio Version 17
VisualStudioVersion = 17.11.35327.3
MinimumVisualStudioVersion = 10.0.40219.1
Project("{FAE04EC0-301F-11D3-BF4B-00C04F79EFBC}") = "XNAGSCreatorsGuide3D", "XNAGSCreatorsGuide3D\XNAGSCreatorsGuide3D.csproj", "{CFFB7AD3-0C75-4B73-A69B-727B800A99CA}"
EndProject
Project("{FAE04EC0-301F-11D3-BF4B-00C04F79EFBC}") = "Chapter5", "Chapter5\Chapter5.csproj", "{65117B10-F0E0-4019-B7CD-FAF445EDCE87}"
EndProject
Global
	GlobalSection(SolutionConfigurationPlatforms) = preSolution
		Debug|Any CPU = Debug|Any CPU
		Release|Any CPU = Release|Any CPU
	EndGlobalSection
	GlobalSection(ProjectConfigurationPlatforms) = postSolution
		{CFFB7AD3-0C75-4B73-A69B-727B800A99CA}.Debug|Any CPU.ActiveCfg = Debug|Any CPU
		{CFFB7AD3-0C75-4B73-A69B-727B800A99CA}.Debug|Any CPU.Build.0 = Debug|Any CPU
		{CFFB7AD3-0C75-4B73-A69B-727B800A99CA}.Release|Any CPU.ActiveCfg = Release|Any CPU
		{CFFB7AD3-0C75-4B73-A69B-727B800A99CA}.Release|Any CPU.Build.0 = Release|Any CPU
		{65117B10-F0E0-4019-B7CD-FAF445EDCE87}.Debug|Any CPU.ActiveCfg = Debug|Any CPU
		{65117B10-F0E0-4019-B7CD-FAF445EDCE87}.Debug|Any CPU.Build.0 = Debug|Any CPU
		{65117B10-F0E0-4019-B7CD-FAF445EDCE87}.Release|Any CPU.ActiveCfg = Release|Any CPU
		{65117B10-F0E0-4019-B7CD-FAF445EDCE87}.Release|Any CPU.Build.0 = Release|Any CPU
	EndGlobalSection
	GlobalSection(SolutionProperties) = preSolution
		HideSolutionNode = FALSE
	EndGlobalSection
	GlobalSection(ExtensibilityGlobals) = postSolution
		SolutionGuid = {FA5432E2-BF21-47F6-BAFC-1FCB3491BC8B}
	EndGlobalSection
EndGlobal
